<?xml version="1.0" encoding="utf-8"?>
<Project ToolsVersion="4.0" xmlns="http://schemas.microsoft.com/developer/msbuild/2003">
  <ItemGroup>
    <Filter Include="MGE Source files">
      <UniqueIdentifier>{4FC737F1-C7A5-4376-A066-2A32D752A2FF}</UniqueIdentifier>
      <Extensions>cpp;c;cc;cxx;def;odl;idl;hpj;bat;asm;asmx</Extensions>
    </Filter>
    <Filter Include="MGE Source files\mge">
      <UniqueIdentifier>{5808a1e3-17c6-41a4-bf66-b872468a8c7c}</UniqueIdentifier>
    </Filter>
    <Filter Include="MGE Source files\mge\behaviours">
      <UniqueIdentifier>{62606aaf-8ae3-4195-9a83-22a2c9d20af1}</UniqueIdentifier>
    </Filter>
    <Filter Include="MGE Source files\mge\core">
      <UniqueIdentifier>{4394d90a-ffa0-485d-98ea-1e91842edda6}</UniqueIdentifier>
    </Filter>
    <Filter Include="MGE Source files\mge\materials">
      <UniqueIdentifier>{88a48024-4c44-40c0-a658-f27957d6b003}</UniqueIdentifier>
    </Filter>
    <Filter Include="MGE Source files\mge\util">
      <UniqueIdentifier>{7d824c34-4bb6-43a4-a48a-0d68b7aad6e5}</UniqueIdentifier>
    </Filter>
    <Filter Include="MGE Source files\mygame">
      <UniqueIdentifier>{8f334906-b293-4d1f-9206-db8ce023c4b5}</UniqueIdentifier>
    </Filter>
    <Filter Include="assets">
      <UniqueIdentifier>{fe7ec981-1107-41b1-b348-260936d5191e}</UniqueIdentifier>
    </Filter>
    <Filter Include="assets\models">
      <UniqueIdentifier>{dc344620-420f-4165-be51-6d514092329f}</UniqueIdentifier>
    </Filter>
    <Filter Include="MGE Source files\mge\listeners">
      <UniqueIdentifier>{18f561a4-8752-4bf2-9a67-b319843147e0}</UniqueIdentifier>
    </Filter>
    <Filter Include="PennerEasing">
      <UniqueIdentifier>{7bae2b65-cfad-44c7-aff5-be7fd8bc4a3a}</UniqueIdentifier>
    </Filter>
  </ItemGroup>
  <ItemGroup>
    <ClInclude Include="..\src\glm.hpp">
      <Filter>MGE Source files</Filter>
    </ClInclude>
    <ClInclude Include="..\src\mge\behaviours\AbstractBehaviour.hpp">
      <Filter>MGE Source files\mge\behaviours</Filter>
    </ClInclude>
    <ClInclude Include="..\src\mge\core\AbstractGame.hpp">
      <Filter>MGE Source files\mge\core</Filter>
    </ClInclude>
    <ClInclude Include="..\src\mge\materials\AbstractMaterial.hpp">
      <Filter>MGE Source files\mge\materials</Filter>
    </ClInclude>
    <ClInclude Include="..\src\mge\core\Camera.hpp">
      <Filter>MGE Source files\mge\core</Filter>
    </ClInclude>
    <ClInclude Include="..\src\mge\materials\ColorMaterial.hpp">
      <Filter>MGE Source files\mge\materials</Filter>
    </ClInclude>
    <ClInclude Include="..\src\mge\util\DebugHud.hpp">
      <Filter>MGE Source files\mge\util</Filter>
    </ClInclude>
    <ClInclude Include="..\src\mge\core\GameObject.hpp">
      <Filter>MGE Source files\mge\core</Filter>
    </ClInclude>
    <ClInclude Include="..\src\mge\behaviours\KeysBehaviour.hpp">
      <Filter>MGE Source files\mge\behaviours</Filter>
    </ClInclude>
    <ClInclude Include="..\src\mge\core\Mesh.hpp">
      <Filter>MGE Source files\mge\core</Filter>
    </ClInclude>
    <ClInclude Include="..\src\mge\core\Renderer.hpp">
      <Filter>MGE Source files\mge\core</Filter>
    </ClInclude>
    <ClInclude Include="..\src\mge\core\ShaderProgram.hpp">
      <Filter>MGE Source files\mge\core</Filter>
    </ClInclude>
    <ClInclude Include="..\src\mge\core\Texture.hpp">
      <Filter>MGE Source files\mge\core</Filter>
    </ClInclude>
    <ClInclude Include="..\src\mge\core\World.hpp">
      <Filter>MGE Source files\mge\core</Filter>
    </ClInclude>
    <ClInclude Include="..\src\mge\behaviours\RotatingBehaviour.hpp">
      <Filter>MGE Source files\mge\behaviours</Filter>
    </ClInclude>
    <ClInclude Include="..\src\mge\materials\TextureMaterial.hpp">
      <Filter>MGE Source files\mge\materials</Filter>
    </ClInclude>
    <ClInclude Include="..\src\mge\config.hpp">
      <Filter>MGE Source files\mge</Filter>
    </ClInclude>
    <ClInclude Include="..\src\mge\core\Light.hpp">
      <Filter>MGE Source files\mge\core</Filter>
    </ClInclude>
    <ClInclude Include="..\src\mygame\MyGame.hpp">
      <Filter>MGE Source files\mygame</Filter>
    </ClInclude>
    <ClInclude Include="..\src\mge\behaviours\MouseOrbitBehaviour.hpp">
      <Filter>MGE Source files\mge\behaviours</Filter>
    </ClInclude>
    <ClInclude Include="..\src\mge\listeners\IKeyEventListener.hpp">
      <Filter>MGE Source files\mge\listeners</Filter>
    </ClInclude>
    <ClInclude Include="..\src\mge\listeners\IMouseWheelEventListener.hpp">
      <Filter>MGE Source files\mge\listeners</Filter>
    </ClInclude>
    <ClInclude Include="..\src\PennerEasing\Back.h">
      <Filter>PennerEasing</Filter>
    </ClInclude>
    <ClInclude Include="..\src\PennerEasing\Bounce.h">
      <Filter>PennerEasing</Filter>
    </ClInclude>
    <ClInclude Include="..\src\PennerEasing\Circ.h">
      <Filter>PennerEasing</Filter>
    </ClInclude>
    <ClInclude Include="..\src\PennerEasing\Cubic.h">
      <Filter>PennerEasing</Filter>
    </ClInclude>
    <ClInclude Include="..\src\PennerEasing\Elastic.h">
      <Filter>PennerEasing</Filter>
    </ClInclude>
    <ClInclude Include="..\src\PennerEasing\Expo.h">
      <Filter>PennerEasing</Filter>
    </ClInclude>
    <ClInclude Include="..\src\PennerEasing\Linear.h">
      <Filter>PennerEasing</Filter>
    </ClInclude>
    <ClInclude Include="..\src\PennerEasing\Quad.h">
      <Filter>PennerEasing</Filter>
    </ClInclude>
    <ClInclude Include="..\src\PennerEasing\Quart.h">
      <Filter>PennerEasing</Filter>
    </ClInclude>
    <ClInclude Include="..\src\PennerEasing\Quint.h">
      <Filter>PennerEasing</Filter>
    </ClInclude>
    <ClInclude Include="..\src\PennerEasing\Sine.h">
      <Filter>PennerEasing</Filter>
    </ClInclude>
    <ClInclude Include="..\src\mge\materials\TerrainMaterial.hpp">
      <Filter>MGE Source files\mge\materials</Filter>
    </ClInclude>
  </ItemGroup>
  <ItemGroup>
    <ClCompile Include="..\src\main.cpp">
      <Filter>MGE Source files</Filter>
    </ClCompile>
    <ClCompile Include="..\src\mge\behaviours\AbstractBehaviour.cpp">
      <Filter>MGE Source files\mge\behaviours</Filter>
    </ClCompile>
    <ClCompile Include="..\src\mge\core\AbstractGame.cpp">
      <Filter>MGE Source files\mge\core</Filter>
    </ClCompile>
    <ClCompile Include="..\src\mge\materials\AbstractMaterial.cpp">
      <Filter>MGE Source files\mge\materials</Filter>
    </ClCompile>
    <ClCompile Include="..\src\mge\core\Camera.cpp">
      <Filter>MGE Source files\mge\core</Filter>
    </ClCompile>
    <ClCompile Include="..\src\mge\materials\ColorMaterial.cpp">
      <Filter>MGE Source files\mge\materials</Filter>
    </ClCompile>
    <ClCompile Include="..\src\mge\util\DebugHud.cpp">
      <Filter>MGE Source files\mge\util</Filter>
    </ClCompile>
    <ClCompile Include="..\src\mge\core\GameObject.cpp">
      <Filter>MGE Source files\mge\core</Filter>
    </ClCompile>
    <ClCompile Include="..\src\mge\behaviours\KeysBehaviour.cpp">
      <Filter>MGE Source files\mge\behaviours</Filter>
    </ClCompile>
    <ClCompile Include="..\src\mge\core\Mesh.cpp">
      <Filter>MGE Source files\mge\core</Filter>
    </ClCompile>
    <ClCompile Include="..\src\mge\core\Renderer.cpp">
      <Filter>MGE Source files\mge\core</Filter>
    </ClCompile>
    <ClCompile Include="..\src\mge\core\ShaderProgram.cpp">
      <Filter>MGE Source files\mge\core</Filter>
    </ClCompile>
    <ClCompile Include="..\src\mge\core\Texture.cpp">
      <Filter>MGE Source files\mge\core</Filter>
    </ClCompile>
    <ClCompile Include="..\src\mge\core\World.cpp">
      <Filter>MGE Source files\mge\core</Filter>
    </ClCompile>
    <ClCompile Include="..\src\mge\behaviours\RotatingBehaviour.cpp">
      <Filter>MGE Source files\mge\behaviours</Filter>
    </ClCompile>
    <ClCompile Include="..\src\mge\materials\TextureMaterial.cpp">
      <Filter>MGE Source files\mge\materials</Filter>
    </ClCompile>
    <ClCompile Include="..\src\mge\core\Light.cpp">
      <Filter>MGE Source files\mge\core</Filter>
    </ClCompile>
    <ClCompile Include="..\src\mygame\MyGame.cpp">
      <Filter>MGE Source files\mygame</Filter>
    </ClCompile>
    <ClCompile Include="..\src\mge\behaviours\MouseOrbitBehaviour.cpp">
      <Filter>MGE Source files\mge\behaviours</Filter>
    </ClCompile>
    <ClCompile Include="..\src\mge\listeners\IKeyEventListener.cpp">
      <Filter>MGE Source files\mge\listeners</Filter>
    </ClCompile>
    <ClCompile Include="..\src\mge\listeners\IMouseWhellEventListener.cpp">
      <Filter>MGE Source files\mge\listeners</Filter>
    </ClCompile>
    <ClCompile Include="..\src\PennerEasing\Back.cpp">
      <Filter>PennerEasing</Filter>
    </ClCompile>
    <ClCompile Include="..\src\PennerEasing\Bounce.cpp">
      <Filter>PennerEasing</Filter>
    </ClCompile>
    <ClCompile Include="..\src\PennerEasing\Circ.cpp">
      <Filter>PennerEasing</Filter>
    </ClCompile>
    <ClCompile Include="..\src\PennerEasing\Cubic.cpp">
      <Filter>PennerEasing</Filter>
    </ClCompile>
    <ClCompile Include="..\src\PennerEasing\Elastic.cpp">
      <Filter>PennerEasing</Filter>
    </ClCompile>
    <ClCompile Include="..\src\PennerEasing\Expo.cpp">
      <Filter>PennerEasing</Filter>
    </ClCompile>
    <ClCompile Include="..\src\PennerEasing\Linear.cpp">
      <Filter>PennerEasing</Filter>
    </ClCompile>
    <ClCompile Include="..\src\PennerEasing\Quad.cpp">
      <Filter>PennerEasing</Filter>
    </ClCompile>
    <ClCompile Include="..\src\PennerEasing\Quart.cpp">
      <Filter>PennerEasing</Filter>
    </ClCompile>
    <ClCompile Include="..\src\PennerEasing\Quint.cpp">
      <Filter>PennerEasing</Filter>
    </ClCompile>
    <ClCompile Include="..\src\PennerEasing\Sine.cpp">
      <Filter>PennerEasing</Filter>
    </ClCompile>
    <ClCompile Include="..\src\mge\materials\TerrainMaterial.cpp">
      <Filter>MGE Source files\mge\materials</Filter>
    </ClCompile>
  </ItemGroup>
  <ItemGroup>
    <None Include="..\assets\mge\shaders\terrain.frag" />
    <None Include="..\assets\mge\shaders\terrain.vert" />
    <None Include="..\assets\mge\shaders\texture.fs" />
    <None Include="..\assets\mge\shaders\texture.vs" />
  </ItemGroup>
</Project>